Microsoft Visual Studio Solution File, Format Version 12.00
# Visual Studio 15
VisualStudioVersion = 15.0.26114.2
MinimumVisualStudioVersion = 10.0.40219.1
Project("{FAE04EC0-301F-11D3-BF4B-00C04F79EFBC}") = "myrb", "myrb\myrb.csproj", "{97AA6472-1DD9-4005-B5F5-6BDA7D15EF29}"
EndProject
Project("{FAE04EC0-301F-11D3-BF4B-00C04F79EFBC}") = "test", "test\test.csproj", "{1FD6005F-557A-4669-9BB1-BACB52E1F57F}"
EndProject
Project("{FAE04EC0-301F-11D3-BF4B-00C04F79EFBC}") = "unittest", "unittest\unittest.csproj", "{AD8DD40D-BBF9-4E7A-92A6-83A4775E4BA4}"
EndProject
Global
	GlobalSection(SolutionConfigurationPlatforms) = preSolution
		Debug|Any CPU = Debug|Any CPU
		Release|Any CPU = Release|Any CPU
	EndGlobalSection
	GlobalSection(ProjectConfigurationPlatforms) = postSolution
		{97AA6472-1DD9-4005-B5F5-6BDA7D15EF29}.Debug|Any CPU.ActiveCfg = Debug|Any CPU
		{97AA6472-1DD9-4005-B5F5-6BDA7D15EF29}.Debug|Any CPU.Build.0 = Debug|Any CPU
		{97AA6472-1DD9-4005-B5F5-6BDA7D15EF29}.Release|Any CPU.ActiveCfg = Release|Any CPU
		{97AA6472-1DD9-4005-B5F5-6BDA7D15EF29}.Release|Any CPU.Build.0 = Release|Any CPU
		{1FD6005F-557A-4669-9BB1-BACB52E1F57F}.Debug|Any CPU.ActiveCfg = Debug|Any CPU
		{1FD6005F-557A-4669-9BB1-BACB52E1F57F}.Debug|Any CPU.Build.0 = Debug|Any CPU
		{1FD6005F-557A-4669-9BB1-BACB52E1F57F}.Release|Any CPU.ActiveCfg = Release|Any CPU
		{1FD6005F-557A-4669-9BB1-BACB52E1F57F}.Release|Any CPU.Build.0 = Release|Any CPU
		{AD8DD40D-BBF9-4E7A-92A6-83A4775E4BA4}.Debug|Any CPU.ActiveCfg = Debug|Any CPU
		{AD8DD40D-BBF9-4E7A-92A6-83A4775E4BA4}.Debug|Any CPU.Build.0 = Debug|Any CPU
		{AD8DD40D-BBF9-4E7A-92A6-83A4775E4BA4}.Release|Any CPU.ActiveCfg = Release|Any CPU
		{AD8DD40D-BBF9-4E7A-92A6-83A4775E4BA4}.Release|Any CPU.Build.0 = Release|Any CPU
	EndGlobalSection
	GlobalSection(SolutionProperties) = preSolution
		HideSolutionNode = FALSE
	EndGlobalSection
	GlobalSection(ExtensibilityGlobals) = postSolution
		SolutionGuid = {DFD36CBB-CC3C-49D9-AADF-8FC9118E66BF}
	EndGlobalSection
EndGlobal
